{
  "name": "chalk-ts-compiler",
  "version": "0.0.0",
  "lockfileVersion": 1,
  "requires": true,
  "dependencies": {
    "@types/node": {
      "version": "12.12.38",
      "resolved": "https://registry.npmjs.org/@types/node/-/node-12.12.38.tgz",
      "integrity": "sha512-75eLjX0pFuTcUXnnWmALMzzkYorjND0ezNEycaKesbUBg9eGZp4GHPuDmkRc4mQQvIpe29zrzATNRA6hkYqwmA==",
      "dev": true
    }
  }
}
